
Microsoft Visual Studio Solution File, Format Version 12.00
# Visual Studio Version 17
VisualStudioVersion = 17.7.34024.191
MinimumVisualStudioVersion = 10.0.40219.1
Project("{FAE04EC0-301F-11D3-BF4B-00C04F79EFBC}") = "compiladoresPr", "compiladoresPr\compiladoresPr.csproj", "{5B7835D1-5602-4529-A05D-C04A789CC5BA}"
EndProject
Global
	GlobalSection(SolutionConfigurationPlatforms) = preSolution
		Debug|Any CPU = Debug|Any CPU
		Release|Any CPU = Release|Any CPU
	EndGlobalSection
	GlobalSection(ProjectConfigurationPlatforms) = postSolution
		{5B7835D1-5602-4529-A05D-C04A789CC5BA}.Debug|Any CPU.ActiveCfg = Debug|Any CPU
		{5B7835D1-5602-4529-A05D-C04A789CC5BA}.Debug|Any CPU.Build.0 = Debug|Any CPU
		{5B7835D1-5602-4529-A05D-C04A789CC5BA}.Release|Any CPU.ActiveCfg = Release|Any CPU
		{5B7835D1-5602-4529-A05D-C04A789CC5BA}.Release|Any CPU.Build.0 = Release|Any CPU
	EndGlobalSection
	GlobalSection(SolutionProperties) = preSolution
		HideSolutionNode = FALSE
	EndGlobalSection
	GlobalSection(ExtensibilityGlobals) = postSolution
		SolutionGuid = {E602C829-9FB9-4F2C-B196-9AFBDD3B9CA1}
	EndGlobalSection
EndGlobal
